
Microsoft Visual Studio Solution File, Format Version 12.00
# Visual Studio Version 17
VisualStudioVersion = 17.2.32526.322
MinimumVisualStudioVersion = 10.0.40219.1
Project("{FAE04EC0-301F-11D3-BF4B-00C04F79EFBC}") = "WebBanDienThoaiResponsive", "WebBanDienThoaiResponsive\WebBanDienThoaiResponsive.csproj", "{BA294A73-630D-4099-AE50-15EC47CFCBB0}"
EndProject
Global
	GlobalSection(SolutionConfigurationPlatforms) = preSolution
		Debug|Any CPU = Debug|Any CPU
		Release|Any CPU = Release|Any CPU
	EndGlobalSection
	GlobalSection(ProjectConfigurationPlatforms) = postSolution
		{BA294A73-630D-4099-AE50-15EC47CFCBB0}.Debug|Any CPU.ActiveCfg = Debug|Any CPU
		{BA294A73-630D-4099-AE50-15EC47CFCBB0}.Debug|Any CPU.Build.0 = Debug|Any CPU
		{BA294A73-630D-4099-AE50-15EC47CFCBB0}.Release|Any CPU.ActiveCfg = Release|Any CPU
		{BA294A73-630D-4099-AE50-15EC47CFCBB0}.Release|Any CPU.Build.0 = Release|Any CPU
	EndGlobalSection
	GlobalSection(SolutionProperties) = preSolution
		HideSolutionNode = FALSE
	EndGlobalSection
	GlobalSection(ExtensibilityGlobals) = postSolution
		SolutionGuid = {E8E4BB99-2BBC-4427-9D44-8ADC8D1603FB}
	EndGlobalSection
EndGlobal
